
Microsoft Visual Studio Solution File, Format Version 11.00
# Visual Studio 2010
Project("{FAE04EC0-301F-11D3-BF4B-00C04F79EFBC}") = "Assembly-CSharp", "Assembly-CSharp.csproj", "{87856044-e595-bd26-e114-5b065f9c5efc}"
EndProject
Project("{FAE04EC0-301F-11D3-BF4B-00C04F79EFBC}") = "Assembly-CSharp-Editor", "Assembly-CSharp-Editor.csproj", "{029892be-6916-5c1a-dff6-d7e94d9d3c27}"
EndProject
Global
	GlobalSection(SolutionConfigurationPlatforms) = preSolution
		Debug|Any CPU = Debug|Any CPU
	EndGlobalSection
	GlobalSection(ProjectConfigurationPlatforms) = postSolution
		{87856044-e595-bd26-e114-5b065f9c5efc}.Debug|Any CPU.ActiveCfg = Debug|Any CPU
		{87856044-e595-bd26-e114-5b065f9c5efc}.Debug|Any CPU.Build.0 = Debug|Any CPU
		{029892be-6916-5c1a-dff6-d7e94d9d3c27}.Debug|Any CPU.ActiveCfg = Debug|Any CPU
		{029892be-6916-5c1a-dff6-d7e94d9d3c27}.Debug|Any CPU.Build.0 = Debug|Any CPU
	EndGlobalSection
	GlobalSection(SolutionProperties) = preSolution
		HideSolutionNode = FALSE
	EndGlobalSection
EndGlobal
